
Microsoft Visual Studio Solution File, Format Version 12.00
Project("{FAE04EC0-301F-11D3-BF4B-00C04F79EFBC}") = "A892013-linebot", "A892013-linebot\A892013-linebot.csproj", "{C5A47C92-6DB9-4E31-9DE8-C222EA5F084A}"
EndProject
Global
	GlobalSection(SolutionConfigurationPlatforms) = preSolution
		Debug|Any CPU = Debug|Any CPU
		Release|Any CPU = Release|Any CPU
	EndGlobalSection
	GlobalSection(ProjectConfigurationPlatforms) = postSolution
		{C5A47C92-6DB9-4E31-9DE8-C222EA5F084A}.Debug|Any CPU.ActiveCfg = Debug|Any CPU
		{C5A47C92-6DB9-4E31-9DE8-C222EA5F084A}.Debug|Any CPU.Build.0 = Debug|Any CPU
		{C5A47C92-6DB9-4E31-9DE8-C222EA5F084A}.Release|Any CPU.ActiveCfg = Release|Any CPU
		{C5A47C92-6DB9-4E31-9DE8-C222EA5F084A}.Release|Any CPU.Build.0 = Release|Any CPU
	EndGlobalSection
EndGlobal
